// !$*UTF8*$!
{
	archiveVersion = 1;
	classes = {
	};
	objectVersion = 46;
	objects = {

/* Begin PBXBuildFile section */
		C607B27F1AD2F13900400F25 /* main.m in Sources */ = {isa = PBXBuildFile; fileRef = C607B27E1AD2F13900400F25 /* main.m */; };
		C607B2821AD2F13900400F25 /* AppDelegate.m in Sources */ = {isa = PBXBuildFile; fileRef = C607B2811AD2F13900400F25 /* AppDelegate.m */; };
		C607B2851AD2F13900400F25 /* ViewController.m in Sources */ = {isa = PBXBuildFile; fileRef = C607B2841AD2F13900400F25 /* ViewController.m */; };
		C607B2881AD2F13900400F25 /* Main.storyboard in Resources */ = {isa = PBXBuildFile; fileRef = C607B2861AD2F13900400F25 /* Main.storyboard */; };
		C607B28A1AD2F13900400F25 /* Images.xcassets in Resources */ = {isa = PBXBuildFile; fileRef = C607B2891AD2F13900400F25 /* Images.xcassets */; };
		C607B28D1AD2F13900400F25 /* LaunchScreen.xib in Resources */ = {isa = PBXBuildFile; fileRef = C607B28B1AD2F13900400F25 /* LaunchScreen.xib */; };
		C607B2991AD2F13900400F25 /* ColorTapTests.m in Sources */ = {isa = PBXBuildFile; fileRef = C607B2981AD2F13900400F25 /* ColorTapTests.m */; };
		C607B2A71AD310FF00400F25 /* ColorBubble.m in Sources */ = {isa = PBXBuildFile; fileRef = C607B2A61AD310FF00400F25 /* ColorBubble.m */; };
		C607B2AB1AD3113300400F25 /* Constants.m in Sources */ = {isa = PBXBuildFile; fileRef = C607B2AA1AD3113300400F25 /* Constants.m */; };
		C671D5451AD458D900C6C77B /* ScoreView.m in Sources */ = {isa = PBXBuildFile; fileRef = C671D5441AD458D900C6C77B /* ScoreView.m */; };
		C6A784A81AD598290077ED0F /* ci_f_1@2x.png in Resources */ = {isa = PBXBuildFile; fileRef = C6A784931AD598290077ED0F /* ci_f_1@2x.png */; };
		C6A784A91AD598290077ED0F /* ci_f_2@2x.png in Resources */ = {isa = PBXBuildFile; fileRef = C6A784941AD598290077ED0F /* ci_f_2@2x.png */; };
		C6A784AA1AD598290077ED0F /* ci_f_3@2x.png in Resources */ = {isa = PBXBuildFile; fileRef = C6A784951AD598290077ED0F /* ci_f_3@2x.png */; };
		C6A784AB1AD598290077ED0F /* ci_uf_1@2x.png in Resources */ = {isa = PBXBuildFile; fileRef = C6A784961AD598290077ED0F /* ci_uf_1@2x.png */; };
		C6A784AC1AD598290077ED0F /* ci_uf_2@2x.png in Resources */ = {isa = PBXBuildFile; fileRef = C6A784971AD598290077ED0F /* ci_uf_2@2x.png */; };
		C6A784AD1AD598290077ED0F /* ci_uf_3@2x.png in Resources */ = {isa = PBXBuildFile; fileRef = C6A784981AD598290077ED0F /* ci_uf_3@2x.png */; };
		C6A784AE1AD598290077ED0F /* ci_w@2x.png in Resources */ = {isa = PBXBuildFile; fileRef = C6A784991AD598290077ED0F /* ci_w@2x.png */; };
		C6A784AF1AD598290077ED0F /* sq_f_1@2x.png in Resources */ = {isa = PBXBuildFile; fileRef = C6A7849A1AD598290077ED0F /* sq_f_1@2x.png */; };
		C6A784B01AD598290077ED0F /* sq_f_2@2x.png in Resources */ = {isa = PBXBuildFile; fileRef = C6A7849B1AD598290077ED0F /* sq_f_2@2x.png */; };
		C6A784B11AD598290077ED0F /* sq_f_3@2x.png in Resources */ = {isa = PBXBuildFile; fileRef = C6A7849C1AD598290077ED0F /* sq_f_3@2x.png */; };
		C6A784B21AD598290077ED0F /* sq_uf_1@2x.png in Resources */ = {isa = PBXBuildFile; fileRef = C6A7849D1AD598290077ED0F /* sq_uf_1@2x.png */; };
		C6A784B31AD598290077ED0F /* sq_uf_2@2x.png in Resources */ = {isa = PBXBuildFile; fileRef = C6A7849E1AD598290077ED0F /* sq_uf_2@2x.png */; };
		C6A784B41AD598290077ED0F /* sq_uf_3@2x.png in Resources */ = {isa = PBXBuildFile; fileRef = C6A7849F1AD598290077ED0F /* sq_uf_3@2x.png */; };
		C6A784B51AD598290077ED0F /* sq_w@2x.png in Resources */ = {isa = PBXBuildFile; fileRef = C6A784A01AD598290077ED0F /* sq_w@2x.png */; };
		C6A784B61AD598290077ED0F /* tr_f_1@2x.png in Resources */ = {isa = PBXBuildFile; fileRef = C6A784A11AD598290077ED0F /* tr_f_1@2x.png */; };
		C6A784B71AD598290077ED0F /* tr_f_2@2x.png in Resources */ = {isa = PBXBuildFile; fileRef = C6A784A21AD598290077ED0F /* tr_f_2@2x.png */; };
		C6A784B81AD598290077ED0F /* tr_f_3@2x.png in Resources */ = {isa = PBXBuildFile; fileRef = C6A784A31AD598290077ED0F /* tr_f_3@2x.png */; };
		C6A784B91AD598290077ED0F /* tr_uf_1@2x.png in Resources */ = {isa = PBXBuildFile; fileRef = C6A784A41AD598290077ED0F /* tr_uf_1@2x.png */; };
		C6A784BA1AD598290077ED0F /* tr_uf_2@2x.png in Resources */ = {isa = PBXBuildFile; fileRef = C6A784A51AD598290077ED0F /* tr_uf_2@2x.png */; };
		C6A784BB1AD598290077ED0F /* tr_uf_3@2x.png in Resources */ = {isa = PBXBuildFile; fileRef = C6A784A61AD598290077ED0F /* tr_uf_3@2x.png */; };
		C6A784BC1AD598290077ED0F /* tr_w@2x.png in Resources */ = {isa = PBXBuildFile; fileRef = C6A784A71AD598290077ED0F /* tr_w@2x.png */; };
		C6A784BF1AD5A1460077ED0F /* GamePlayView.m in Sources */ = {isa = PBXBuildFile; fileRef = C6A784BE1AD5A1460077ED0F /* GamePlayView.m */; };
/* End PBXBuildFile section */

/* Begin PBXContainerItemProxy section */
		C607B2931AD2F13900400F25 /* PBXContainerItemProxy */ = {
			isa = PBXContainerItemProxy;
			containerPortal = C607B2711AD2F13900400F25 /* Project object */;
			proxyType = 1;
			remoteGlobalIDString = C607B2781AD2F13900400F25;
			remoteInfo = ColorTap;
		};
/* End PBXContainerItemProxy section */

/* Begin PBXFileReference section */
		C607B2791AD2F13900400F25 /* ColorTap.app */ = {isa = PBXFileReference; explicitFileType = wrapper.application; includeInIndex = 0; path = ColorTap.app; sourceTree = BUILT_PRODUCTS_DIR; };
		C607B27D1AD2F13900400F25 /* Info.plist */ = {isa = PBXFileReference; lastKnownFileType = text.plist.xml; path = Info.plist; sourceTree = "<group>"; };
		C607B27E1AD2F13900400F25 /* main.m */ = {isa = PBXFileReference; lastKnownFileType = sourcecode.c.objc; path = main.m; sourceTree = "<group>"; };
		C607B2801AD2F13900400F25 /* AppDelegate.h */ = {isa = PBXFileReference; lastKnownFileType = sourcecode.c.h; path = AppDelegate.h; sourceTree = "<group>"; };
		C607B2811AD2F13900400F25 /* AppDelegate.m */ = {isa = PBXFileReference; lastKnownFileType = sourcecode.c.objc; path = AppDelegate.m; sourceTree = "<group>"; };
		C607B2831AD2F13900400F25 /* ViewController.h */ = {isa = PBXFileReference; lastKnownFileType = sourcecode.c.h; path = ViewController.h; sourceTree = "<group>"; };
		C607B2841AD2F13900400F25 /* ViewController.m */ = {isa = PBXFileReference; lastKnownFileType = sourcecode.c.objc; path = ViewController.m; sourceTree = "<group>"; };
		C607B2871AD2F13900400F25 /* Base */ = {isa = PBXFileReference; lastKnownFileType = file.storyboard; name = Base; path = Base.lproj/Main.storyboard; sourceTree = "<group>"; };
		C607B2891AD2F13900400F25 /* Images.xcassets */ = {isa = PBXFileReference; lastKnownFileType = folder.assetcatalog; path = Images.xcassets; sourceTree = "<group>"; };
		C607B28C1AD2F13900400F25 /* Base */ = {isa = PBXFileReference; lastKnownFileType = file.xib; name = Base; path = Base.lproj/LaunchScreen.xib; sourceTree = "<group>"; };
		C607B2921AD2F13900400F25 /* ColorTapTests.xctest */ = {isa = PBXFileReference; explicitFileType = wrapper.cfbundle; includeInIndex = 0; path = ColorTapTests.xctest; sourceTree = BUILT_PRODUCTS_DIR; };
		C607B2971AD2F13900400F25 /* Info.plist */ = {isa = PBXFileReference; lastKnownFileType = text.plist.xml; path = Info.plist; sourceTree = "<group>"; };
		C607B2981AD2F13900400F25 /* ColorTapTests.m */ = {isa = PBXFileReference; lastKnownFileType = sourcecode.c.objc; path = ColorTapTests.m; sourceTree = "<group>"; };
		C607B2A51AD310FF00400F25 /* ColorBubble.h */ = {isa = PBXFileReference; fileEncoding = 4; lastKnownFileType = sourcecode.c.h; name = ColorBubble.h; path = Views/ColorBubble.h; sourceTree = "<group>"; };
		C607B2A61AD310FF00400F25 /* ColorBubble.m */ = {isa = PBXFileReference; fileEncoding = 4; lastKnownFileType = sourcecode.c.objc; name = ColorBubble.m; path = Views/ColorBubble.m; sourceTree = "<group>"; };
		C607B2A91AD3113300400F25 /* Constants.h */ = {isa = PBXFileReference; fileEncoding = 4; lastKnownFileType = sourcecode.c.h; name = Constants.h; path = Utilities/Constants.h; sourceTree = "<group>"; };
		C607B2AA1AD3113300400F25 /* Constants.m */ = {isa = PBXFileReference; fileEncoding = 4; lastKnownFileType = sourcecode.c.objc; name = Constants.m; path = Utilities/Constants.m; sourceTree = "<group>"; };
		C671D5431AD458D900C6C77B /* ScoreView.h */ = {isa = PBXFileReference; fileEncoding = 4; lastKnownFileType = sourcecode.c.h; name = ScoreView.h; path = Views/ScoreView.h; sourceTree = "<group>"; };
		C671D5441AD458D900C6C77B /* ScoreView.m */ = {isa = PBXFileReference; fileEncoding = 4; lastKnownFileType = sourcecode.c.objc; name = ScoreView.m; path = Views/ScoreView.m; sourceTree = "<group>"; };
		C6A784931AD598290077ED0F /* ci_f_1@2x.png */ = {isa = PBXFileReference; lastKnownFileType = image.png; name = "ci_f_1@2x.png"; path = "Resources/Images/ci_f_1@2x.png"; sourceTree = "<group>"; };
		C6A784941AD598290077ED0F /* ci_f_2@2x.png */ = {isa = PBXFileReference; lastKnownFileType = image.png; name = "ci_f_2@2x.png"; path = "Resources/Images/ci_f_2@2x.png"; sourceTree = "<group>"; };
		C6A784951AD598290077ED0F /* ci_f_3@2x.png */ = {isa = PBXFileReference; lastKnownFileType = image.png; name = "ci_f_3@2x.png"; path = "Resources/Images/ci_f_3@2x.png"; sourceTree = "<group>"; };
		C6A784961AD598290077ED0F /* ci_uf_1@2x.png */ = {isa = PBXFileReference; lastKnownFileType = image.png; name = "ci_uf_1@2x.png"; path = "Resources/Images/ci_uf_1@2x.png"; sourceTree = "<group>"; };
		C6A784971AD598290077ED0F /* ci_uf_2@2x.png */ = {isa = PBXFileReference; lastKnownFileType = image.png; name = "ci_uf_2@2x.png"; path = "Resources/Images/ci_uf_2@2x.png"; sourceTree = "<group>"; };
		C6A784981AD598290077ED0F /* ci_uf_3@2x.png */ = {isa = PBXFileReference; lastKnownFileType = image.png; name = "ci_uf_3@2x.png"; path = "Resources/Images/ci_uf_3@2x.png"; sourceTree = "<group>"; };
		C6A784991AD598290077ED0F /* ci_w@2x.png */ = {isa = PBXFileReference; lastKnownFileType = image.png; name = "ci_w@2x.png"; path = "Resources/Images/ci_w@2x.png"; sourceTree = "<group>"; };
		C6A7849A1AD598290077ED0F /* sq_f_1@2x.png */ = {isa = PBXFileReference; lastKnownFileType = image.png; name = "sq_f_1@2x.png"; path = "Resources/Images/sq_f_1@2x.png"; sourceTree = "<group>"; };
		C6A7849B1AD598290077ED0F /* sq_f_2@2x.png */ = {isa = PBXFileReference; lastKnownFileType = image.png; name = "sq_f_2@2x.png"; path = "Resources/Images/sq_f_2@2x.png"; sourceTree = "<group>"; };
		C6A7849C1AD598290077ED0F /* sq_f_3@2x.png */ = {isa = PBXFileReference; lastKnownFileType = image.png; name = "sq_f_3@2x.png"; path = "Resources/Images/sq_f_3@2x.png"; sourceTree = "<group>"; };
		C6A7849D1AD598290077ED0F /* sq_uf_1@2x.png */ = {isa = PBXFileReference; lastKnownFileType = image.png; name = "sq_uf_1@2x.png"; path = "Resources/Images/sq_uf_1@2x.png"; sourceTree = "<group>"; };
		C6A7849E1AD598290077ED0F /* sq_uf_2@2x.png */ = {isa = PBXFileReference; lastKnownFileType = image.png; name = "sq_uf_2@2x.png"; path = "Resources/Images/sq_uf_2@2x.png"; sourceTree = "<group>"; };
		C6A7849F1AD598290077ED0F /* sq_uf_3@2x.png */ = {isa = PBXFileReference; lastKnownFileType = image.png; name = "sq_uf_3@2x.png"; path = "Resources/Images/sq_uf_3@2x.png"; sourceTree = "<group>"; };
		C6A784A01AD598290077ED0F /* sq_w@2x.png */ = {isa = PBXFileReference; lastKnownFileType = image.png; name = "sq_w@2x.png"; path = "Resources/Images/sq_w@2x.png"; sourceTree = "<group>"; };
		C6A784A11AD598290077ED0F /* tr_f_1@2x.png */ = {isa = PBXFileReference; lastKnownFileType = image.png; name = "tr_f_1@2x.png"; path = "Resources/Images/tr_f_1@2x.png"; sourceTree = "<group>"; };
		C6A784A21AD598290077ED0F /* tr_f_2@2x.png */ = {isa = PBXFileReference; lastKnownFileType = image.png; name = "tr_f_2@2x.png"; path = "Resources/Images/tr_f_2@2x.png"; sourceTree = "<group>"; };
		C6A784A31AD598290077ED0F /* tr_f_3@2x.png */ = {isa = PBXFileReference; lastKnownFileType = image.png; name = "tr_f_3@2x.png"; path = "Resources/Images/tr_f_3@2x.png"; sourceTree = "<group>"; };
		C6A784A41AD598290077ED0F /* tr_uf_1@2x.png */ = {isa = PBXFileReference; lastKnownFileType = image.png; name = "tr_uf_1@2x.png"; path = "Resources/Images/tr_uf_1@2x.png"; sourceTree = "<group>"; };
		C6A784A51AD598290077ED0F /* tr_uf_2@2x.png */ = {isa = PBXFileReference; lastKnownFileType = image.png; name = "tr_uf_2@2x.png"; path = "Resources/Images/tr_uf_2@2x.png"; sourceTree = "<group>"; };
		C6A784A61AD598290077ED0F /* tr_uf_3@2x.png */ = {isa = PBXFileReference; lastKnownFileType = image.png; name = "tr_uf_3@2x.png"; path = "Resources/Images/tr_uf_3@2x.png"; sourceTree = "<group>"; };
		C6A784A71AD598290077ED0F /* tr_w@2x.png */ = {isa = PBXFileReference; lastKnownFileType = image.png; name = "tr_w@2x.png"; path = "Resources/Images/tr_w@2x.png"; sourceTree = "<group>"; };
		C6A784BD1AD5A1460077ED0F /* GamePlayView.h */ = {isa = PBXFileReference; fileEncoding = 4; lastKnownFileType = sourcecode.c.h; name = GamePlayView.h; path = Views/GamePlayView.h; sourceTree = "<group>"; };
		C6A784BE1AD5A1460077ED0F /* GamePlayView.m */ = {isa = PBXFileReference; fileEncoding = 4; lastKnownFileType = sourcecode.c.objc; name = GamePlayView.m; path = Views/GamePlayView.m; sourceTree = "<group>"; };
/* End PBXFileReference section */

/* Begin PBXFrameworksBuildPhase section */
		C607B2761AD2F13900400F25 /* Frameworks */ = {
			isa = PBXFrameworksBuildPhase;
			buildActionMask = 2147483647;
			files = (
			);
			runOnlyForDeploymentPostprocessing = 0;
		};
		C607B28F1AD2F13900400F25 /* Frameworks */ = {
			isa = PBXFrameworksBuildPhase;
			buildActionMask = 2147483647;
			files = (
			);
			runOnlyForDeploymentPostprocessing = 0;
		};
/* End PBXFrameworksBuildPhase section */

/* Begin PBXGroup section */
		C607B2701AD2F13900400F25 = {
			isa = PBXGroup;
			children = (
				C607B27B1AD2F13900400F25 /* ColorTap */,
				C607B2951AD2F13900400F25 /* ColorTapTests */,
				C607B27A1AD2F13900400F25 /* Products */,
			);
			sourceTree = "<group>";
		};
		C607B27A1AD2F13900400F25 /* Products */ = {
			isa = PBXGroup;
			children = (
				C607B2791AD2F13900400F25 /* ColorTap.app */,
				C607B2921AD2F13900400F25 /* ColorTapTests.xctest */,
			);
			name = Products;
			sourceTree = "<group>";
		};
		C607B27B1AD2F13900400F25 /* ColorTap */ = {
			isa = PBXGroup;
			children = (
				C6A784911AD598170077ED0F /* Resources */,
				C607B2A81AD3111100400F25 /* Utilities */,
				C607B2A41AD310BD00400F25 /* Controller */,
				C607B2A31AD310B400400F25 /* Modal */,
				C607B2A21AD310A500400F25 /* Views */,
				C607B2801AD2F13900400F25 /* AppDelegate.h */,
				C607B2811AD2F13900400F25 /* AppDelegate.m */,
				C607B2831AD2F13900400F25 /* ViewController.h */,
				C607B2841AD2F13900400F25 /* ViewController.m */,
				C607B2861AD2F13900400F25 /* Main.storyboard */,
				C607B2891AD2F13900400F25 /* Images.xcassets */,
				C607B28B1AD2F13900400F25 /* LaunchScreen.xib */,
				C607B27C1AD2F13900400F25 /* Supporting Files */,
			);
			path = ColorTap;
			sourceTree = "<group>";
		};
		C607B27C1AD2F13900400F25 /* Supporting Files */ = {
			isa = PBXGroup;
			children = (
				C607B27D1AD2F13900400F25 /* Info.plist */,
				C607B27E1AD2F13900400F25 /* main.m */,
			);
			name = "Supporting Files";
			sourceTree = "<group>";
		};
		C607B2951AD2F13900400F25 /* ColorTapTests */ = {
			isa = PBXGroup;
			children = (
				C607B2981AD2F13900400F25 /* ColorTapTests.m */,
				C607B2961AD2F13900400F25 /* Supporting Files */,
			);
			path = ColorTapTests;
			sourceTree = "<group>";
		};
		C607B2961AD2F13900400F25 /* Supporting Files */ = {
			isa = PBXGroup;
			children = (
				C607B2971AD2F13900400F25 /* Info.plist */,
			);
			name = "Supporting Files";
			sourceTree = "<group>";
		};
		C607B2A21AD310A500400F25 /* Views */ = {
			isa = PBXGroup;
			children = (
				C607B2A51AD310FF00400F25 /* ColorBubble.h */,
				C607B2A61AD310FF00400F25 /* ColorBubble.m */,
				C671D5431AD458D900C6C77B /* ScoreView.h */,
				C671D5441AD458D900C6C77B /* ScoreView.m */,
				C6A784BD1AD5A1460077ED0F /* GamePlayView.h */,
				C6A784BE1AD5A1460077ED0F /* GamePlayView.m */,
			);
			name = Views;
			sourceTree = "<group>";
		};
		C607B2A31AD310B400400F25 /* Modal */ = {
			isa = PBXGroup;
			children = (
			);
			name = Modal;
			sourceTree = "<group>";
		};
		C607B2A41AD310BD00400F25 /* Controller */ = {
			isa = PBXGroup;
			children = (
			);
			name = Controller;
			sourceTree = "<group>";
		};
		C607B2A81AD3111100400F25 /* Utilities */ = {
			isa = PBXGroup;
			children = (
				C607B2A91AD3113300400F25 /* Constants.h */,
				C607B2AA1AD3113300400F25 /* Constants.m */,
			);
			name = Utilities;
			sourceTree = "<group>";
		};
		C6A784911AD598170077ED0F /* Resources */ = {
			isa = PBXGroup;
			children = (
				C6A784921AD5981F0077ED0F /* Images */,
			);
			name = Resources;
			sourceTree = "<group>";
		};
		C6A784921AD5981F0077ED0F /* Images */ = {
			isa = PBXGroup;
			children = (
				C6A784931AD598290077ED0F /* ci_f_1@2x.png */,
				C6A784941AD598290077ED0F /* ci_f_2@2x.png */,
				C6A784951AD598290077ED0F /* ci_f_3@2x.png */,
				C6A784961AD598290077ED0F /* ci_uf_1@2x.png */,
				C6A784971AD598290077ED0F /* ci_uf_2@2x.png */,
				C6A784981AD598290077ED0F /* ci_uf_3@2x.png */,
				C6A784991AD598290077ED0F /* ci_w@2x.png */,
				C6A7849A1AD598290077ED0F /* sq_f_1@2x.png */,
				C6A7849B1AD598290077ED0F /* sq_f_2@2x.png */,
				C6A7849C1AD598290077ED0F /* sq_f_3@2x.png */,
				C6A7849D1AD598290077ED0F /* sq_uf_1@2x.png */,
				C6A7849E1AD598290077ED0F /* sq_uf_2@2x.png */,
				C6A7849F1AD598290077ED0F /* sq_uf_3@2x.png */,
				C6A784A01AD598290077ED0F /* sq_w@2x.png */,
				C6A784A11AD598290077ED0F /* tr_f_1@2x.png */,
				C6A784A21AD598290077ED0F /* tr_f_2@2x.png */,
				C6A784A31AD598290077ED0F /* tr_f_3@2x.png */,
				C6A784A41AD598290077ED0F /* tr_uf_1@2x.png */,
				C6A784A51AD598290077ED0F /* tr_uf_2@2x.png */,
				C6A784A61AD598290077ED0F /* tr_uf_3@2x.png */,
				C6A784A71AD598290077ED0F /* tr_w@2x.png */,
			);
			name = Images;
			sourceTree = "<group>";
		};
/* End PBXGroup section */

/* Begin PBXNativeTarget section */
		C607B2781AD2F13900400F25 /* ColorTap */ = {
			isa = PBXNativeTarget;
			buildConfigurationList = C607B29C1AD2F13A00400F25 /* Build configuration list for PBXNativeTarget "ColorTap" */;
			buildPhases = (
				C607B2751AD2F13900400F25 /* Sources */,
				C607B2761AD2F13900400F25 /* Frameworks */,
				C607B2771AD2F13900400F25 /* Resources */,
			);
			buildRules = (
			);
			dependencies = (
			);
			name = ColorTap;
			productName = ColorTap;
			productReference = C607B2791AD2F13900400F25 /* ColorTap.app */;
			productType = "com.apple.product-type.application";
		};
		C607B2911AD2F13900400F25 /* ColorTapTests */ = {
			isa = PBXNativeTarget;
			buildConfigurationList = C607B29F1AD2F13A00400F25 /* Build configuration list for PBXNativeTarget "ColorTapTests" */;
			buildPhases = (
				C607B28E1AD2F13900400F25 /* Sources */,
				C607B28F1AD2F13900400F25 /* Frameworks */,
				C607B2901AD2F13900400F25 /* Resources */,
			);
			buildRules = (
			);
			dependencies = (
				C607B2941AD2F13900400F25 /* PBXTargetDependency */,
			);
			name = ColorTapTests;
			productName = ColorTapTests;
			productReference = C607B2921AD2F13900400F25 /* ColorTapTests.xctest */;
			productType = "com.apple.product-type.bundle.unit-test";
		};
/* End PBXNativeTarget section */

/* Begin PBXProject section */
		C607B2711AD2F13900400F25 /* Project object */ = {
			isa = PBXProject;
			attributes = {
				LastUpgradeCheck = 0620;
				ORGANIZATIONNAME = "RanjithKumar Matheswaran";
				TargetAttributes = {
					C607B2781AD2F13900400F25 = {
						CreatedOnToolsVersion = 6.2;
					};
					C607B2911AD2F13900400F25 = {
						CreatedOnToolsVersion = 6.2;
						TestTargetID = C607B2781AD2F13900400F25;
					};
				};
			};
			buildConfigurationList = C607B2741AD2F13900400F25 /* Build configuration list for PBXProject "ColorTap" */;
			compatibilityVersion = "Xcode 3.2";
			developmentRegion = English;
			hasScannedForEncodings = 0;
			knownRegions = (
				en,
				Base,
			);
			mainGroup = C607B2701AD2F13900400F25;
			productRefGroup = C607B27A1AD2F13900400F25 /* Products */;
			projectDirPath = "";
			projectRoot = "";
			targets = (
				C607B2781AD2F13900400F25 /* ColorTap */,
				C607B2911AD2F13900400F25 /* ColorTapTests */,
			);
		};
/* End PBXProject section */

/* Begin PBXResourcesBuildPhase section */
		C607B2771AD2F13900400F25 /* Resources */ = {
			isa = PBXResourcesBuildPhase;
			buildActionMask = 2147483647;
			files = (
				C6A784B01AD598290077ED0F /* sq_f_2@2x.png in Resources */,
				C6A784B71AD598290077ED0F /* tr_f_2@2x.png in Resources */,
				C6A784A91AD598290077ED0F /* ci_f_2@2x.png in Resources */,
				C607B2881AD2F13900400F25 /* Main.storyboard in Resources */,
				C6A784BC1AD598290077ED0F /* tr_w@2x.png in Resources */,
				C6A784BA1AD598290077ED0F /* tr_uf_2@2x.png in Resources */,
				C6A784AE1AD598290077ED0F /* ci_w@2x.png in Resources */,
				C6A784BB1AD598290077ED0F /* tr_uf_3@2x.png in Resources */,
				C6A784AC1AD598290077ED0F /* ci_uf_2@2x.png in Resources */,
				C6A784AD1AD598290077ED0F /* ci_uf_3@2x.png in Resources */,
				C6A784B51AD598290077ED0F /* sq_w@2x.png in Resources */,
				C6A784B61AD598290077ED0F /* tr_f_1@2x.png in Resources */,
				C607B28D1AD2F13900400F25 /* LaunchScreen.xib in Resources */,
				C6A784AF1AD598290077ED0F /* sq_f_1@2x.png in Resources */,
				C6A784B91AD598290077ED0F /* tr_uf_1@2x.png in Resources */,
				C6A784B81AD598290077ED0F /* tr_f_3@2x.png in Resources */,
				C6A784AA1AD598290077ED0F /* ci_f_3@2x.png in Resources */,
				C6A784B31AD598290077ED0F /* sq_uf_2@2x.png in Resources */,
				C6A784B21AD598290077ED0F /* sq_uf_1@2x.png in Resources */,
				C6A784B41AD598290077ED0F /* sq_uf_3@2x.png in Resources */,
				C6A784AB1AD598290077ED0F /* ci_uf_1@2x.png in Resources */,
				C607B28A1AD2F13900400F25 /* Images.xcassets in Resources */,
				C6A784A81AD598290077ED0F /* ci_f_1@2x.png in Resources */,
				C6A784B11AD598290077ED0F /* sq_f_3@2x.png in Resources */,
			);
			runOnlyForDeploymentPostprocessing = 0;
		};
		C607B2901AD2F13900400F25 /* Resources */ = {
			isa = PBXResourcesBuildPhase;
			buildActionMask = 2147483647;
			files = (
			);
			runOnlyForDeploymentPostprocessing = 0;
		};
/* End PBXResourcesBuildPhase section */

/* Begin PBXSourcesBuildPhase section */
		C607B2751AD2F13900400F25 /* Sources */ = {
			isa = PBXSourcesBuildPhase;
			buildActionMask = 2147483647;
			files = (
				C607B2AB1AD3113300400F25 /* Constants.m in Sources */,
				C6A784BF1AD5A1460077ED0F /* GamePlayView.m in Sources */,
				C671D5451AD458D900C6C77B /* ScoreView.m in Sources */,
				C607B2851AD2F13900400F25 /* ViewController.m in Sources */,
				C607B2821AD2F13900400F25 /* AppDelegate.m in Sources */,
				C607B27F1AD2F13900400F25 /* main.m in Sources */,
				C607B2A71AD310FF00400F25 /* ColorBubble.m in Sources */,
			);
			runOnlyForDeploymentPostprocessing = 0;
		};
		C607B28E1AD2F13900400F25 /* Sources */ = {
			isa = PBXSourcesBuildPhase;
			buildActionMask = 2147483647;
			files = (
				C607B2991AD2F13900400F25 /* ColorTapTests.m in Sources */,
			);
			runOnlyForDeploymentPostprocessing = 0;
		};
/* End PBXSourcesBuildPhase section */

/* Begin PBXTargetDependency section */
		C607B2941AD2F13900400F25 /* PBXTargetDependency */ = {
			isa = PBXTargetDependency;
			target = C607B2781AD2F13900400F25 /* ColorTap */;
			targetProxy = C607B2931AD2F13900400F25 /* PBXContainerItemProxy */;
		};
/* End PBXTargetDependency section */

/* Begin PBXVariantGroup section */
		C607B2861AD2F13900400F25 /* Main.storyboard */ = {
			isa = PBXVariantGroup;
			children = (
				C607B2871AD2F13900400F25 /* Base */,
			);
			name = Main.storyboard;
			sourceTree = "<group>";
		};
		C607B28B1AD2F13900400F25 /* LaunchScreen.xib */ = {
			isa = PBXVariantGroup;
			children = (
				C607B28C1AD2F13900400F25 /* Base */,
			);
			name = LaunchScreen.xib;
			sourceTree = "<group>";
		};
/* End PBXVariantGroup section */

/* Begin XCBuildConfiguration section */
		C607B29A1AD2F13900400F25 /* Debug */ = {
			isa = XCBuildConfiguration;
			buildSettings = {
				ALWAYS_SEARCH_USER_PATHS = NO;
				CLANG_CXX_LANGUAGE_STANDARD = "gnu++0x";
				CLANG_CXX_LIBRARY = "libc++";
				CLANG_ENABLE_MODULES = YES;
				CLANG_ENABLE_OBJC_ARC = YES;
				CLANG_WARN_BOOL_CONVERSION = YES;
				CLANG_WARN_CONSTANT_CONVERSION = YES;
				CLANG_WARN_DIRECT_OBJC_ISA_USAGE = YES_ERROR;
				CLANG_WARN_EMPTY_BODY = YES;
				CLANG_WARN_ENUM_CONVERSION = YES;
				CLANG_WARN_INT_CONVERSION = YES;
				CLANG_WARN_OBJC_ROOT_CLASS = YES_ERROR;
				CLANG_WARN_UNREACHABLE_CODE = YES;
				CLANG_WARN__DUPLICATE_METHOD_MATCH = YES;
				"CODE_SIGN_IDENTITY[sdk=iphoneos*]" = "iPhone Developer";
				COPY_PHASE_STRIP = NO;
				ENABLE_STRICT_OBJC_MSGSEND = YES;
				GCC_C_LANGUAGE_STANDARD = gnu99;
				GCC_DYNAMIC_NO_PIC = NO;
				GCC_OPTIMIZATION_LEVEL = 0;
				GCC_PREPROCESSOR_DEFINITIONS = (
					"DEBUG=1",
					"$(inherited)",
				);
				GCC_SYMBOLS_PRIVATE_EXTERN = NO;
				GCC_WARN_64_TO_32_BIT_CONVERSION = YES;
				GCC_WARN_ABOUT_RETURN_TYPE = YES_ERROR;
				GCC_WARN_UNDECLARED_SELECTOR = YES;
				GCC_WARN_UNINITIALIZED_AUTOS = YES_AGGRESSIVE;
				GCC_WARN_UNUSED_FUNCTION = YES;
				GCC_WARN_UNUSED_VARIABLE = YES;
				IPHONEOS_DEPLOYMENT_TARGET = 8.2;
				MTL_ENABLE_DEBUG_INFO = YES;
				ONLY_ACTIVE_ARCH = YES;
				SDKROOT = iphoneos;
			};
			name = Debug;
		};
		C607B29B1AD2F13900400F25 /* Release */ = {
			isa = XCBuildConfiguration;
			buildSettings = {
				ALWAYS_SEARCH_USER_PATHS = NO;
				CLANG_CXX_LANGUAGE_STANDARD = "gnu++0x";
				CLANG_CXX_LIBRARY = "libc++";
				CLANG_ENABLE_MODULES = YES;
				CLANG_ENABLE_OBJC_ARC = YES;
				CLANG_WARN_BOOL_CONVERSION = YES;
				CLANG_WARN_CONSTANT_CONVERSION = YES;
				CLANG_WARN_DIRECT_OBJC_ISA_USAGE = YES_ERROR;
				CLANG_WARN_EMPTY_BODY = YES;
				CLANG_WARN_ENUM_CONVERSION = YES;
				CLANG_WARN_INT_CONVERSION = YES;
				CLANG_WARN_OBJC_ROOT_CLASS = YES_ERROR;
				CLANG_WARN_UNREACHABLE_CODE = YES;
				CLANG_WARN__DUPLICATE_METHOD_MATCH = YES;
				"CODE_SIGN_IDENTITY[sdk=iphoneos*]" = "iPhone Developer";
				COPY_PHASE_STRIP = NO;
				ENABLE_NS_ASSERTIONS = NO;
				ENABLE_STRICT_OBJC_MSGSEND = YES;
				GCC_C_LANGUAGE_STANDARD = gnu99;
				GCC_WARN_64_TO_32_BIT_CONVERSION = YES;
				GCC_WARN_ABOUT_RETURN_TYPE = YES_ERROR;
				GCC_WARN_UNDECLARED_SELECTOR = YES;
				GCC_WARN_UNINITIALIZED_AUTOS = YES_AGGRESSIVE;
				GCC_WARN_UNUSED_FUNCTION = YES;
				GCC_WARN_UNUSED_VARIABLE = YES;
				IPHONEOS_DEPLOYMENT_TARGET = 8.2;
				MTL_ENABLE_DEBUG_INFO = NO;
				SDKROOT = iphoneos;
				VALIDATE_PRODUCT = YES;
			};
			name = Release;
		};
		C607B29D1AD2F13A00400F25 /* Debug */ = {
			isa = XCBuildConfiguration;
			buildSettings = {
				ASSETCATALOG_COMPILER_APPICON_NAME = AppIcon;
				INFOPLIST_FILE = ColorTap/Info.plist;
				LD_RUNPATH_SEARCH_PATHS = "$(inherited) @executable_path/Frameworks";
				PRODUCT_NAME = "$(TARGET_NAME)";
			};
			name = Debug;
		};
		C607B29E1AD2F13A00400F25 /* Release */ = {
			isa = XCBuildConfiguration;
			buildSettings = {
				ASSETCATALOG_COMPILER_APPICON_NAME = AppIcon;
				INFOPLIST_FILE = ColorTap/Info.plist;
				LD_RUNPATH_SEARCH_PATHS = "$(inherited) @executable_path/Frameworks";
				PRODUCT_NAME = "$(TARGET_NAME)";
			};
			name = Release;
		};
		C607B2A01AD2F13A00400F25 /* Debug */ = {
			isa = XCBuildConfiguration;
			buildSettings = {
				BUNDLE_LOADER = "$(TEST_HOST)";
				FRAMEWORK_SEARCH_PATHS = (
					"$(SDKROOT)/Developer/Library/Frameworks",
					"$(inherited)",
				);
				GCC_PREPROCESSOR_DEFINITIONS = (
					"DEBUG=1",
					"$(inherited)",
				);
				INFOPLIST_FILE = ColorTapTests/Info.plist;
				LD_RUNPATH_SEARCH_PATHS = "$(inherited) @executable_path/Frameworks @loader_path/Frameworks";
				PRODUCT_NAME = "$(TARGET_NAME)";
				TEST_HOST = "$(BUILT_PRODUCTS_DIR)/ColorTap.app/ColorTap";
			};
			name = Debug;
		};
		C607B2A11AD2F13A00400F25 /* Release */ = {
			isa = XCBuildConfiguration;
			buildSettings = {
				BUNDLE_LOADER = "$(TEST_HOST)";
				FRAMEWORK_SEARCH_PATHS = (
					"$(SDKROOT)/Developer/Library/Frameworks",
					"$(inherited)",
				);
				INFOPLIST_FILE = ColorTapTests/Info.plist;
				LD_RUNPATH_SEARCH_PATHS = "$(inherited) @executable_path/Frameworks @loader_path/Frameworks";
				PRODUCT_NAME = "$(TARGET_NAME)";
				TEST_HOST = "$(BUILT_PRODUCTS_DIR)/ColorTap.app/ColorTap";
			};
			name = Release;
		};
/* End XCBuildConfiguration section */

/* Begin XCConfigurationList section */
		C607B2741AD2F13900400F25 /* Build configuration list for PBXProject "ColorTap" */ = {
			isa = XCConfigurationList;
			buildConfigurations = (
				C607B29A1AD2F13900400F25 /* Debug */,
				C607B29B1AD2F13900400F25 /* Release */,
			);
			defaultConfigurationIsVisible = 0;
			defaultConfigurationName = Release;
		};
		C607B29C1AD2F13A00400F25 /* Build configuration list for PBXNativeTarget "ColorTap" */ = {
			isa = XCConfigurationList;
			buildConfigurations = (
				C607B29D1AD2F13A00400F25 /* Debug */,
				C607B29E1AD2F13A00400F25 /* Release */,
			);
			defaultConfigurationIsVisible = 0;
			defaultConfigurationName = Release;
		};
		C607B29F1AD2F13A00400F25 /* Build configuration list for PBXNativeTarget "ColorTapTests" */ = {
			isa = XCConfigurationList;
			buildConfigurations = (
				C607B2A01AD2F13A00400F25 /* Debug */,
				C607B2A11AD2F13A00400F25 /* Release */,
			);
			defaultConfigurationIsVisible = 0;
			defaultConfigurationName = Release;
		};
/* End XCConfigurationList section */
	};
	rootObject = C607B2711AD2F13900400F25 /* Project object */;
}
